<Solution>
  <Project Path="Catalog/Domain/WebShop.Catalog.Domain.csproj" />
  <Project Path="Catalog/Domain.Tests/WebShop.Catalog.Domain.Tests.csproj" />
  <Project Path="Catalog/Contracts/WebShop.Catalog.Contracts.csproj" />
  <Project Path="Catalog/Application/WebShop.Catalog.Application.csproj" />
  <Project Path="Catalog/Application.Tests/WebShop.Catalog.Application.Tests.csproj" />
  <Project Path="Catalog/Infrastructure/SqlServer/WebShop.Catalog.Infrastructure.SqlServer.csproj" />
  <Project Path="Catalog/Infrastructure/Postgres/WebShop.Catalog.Infrastructure.Postgres.csproj" />
  <Project Path="Catalog/Infrastructure/Cosmos/WebShop.Catalog.Infrastructure.Cosmos.csproj" />
  <Project Path="Catalog/Infrastructure/Infrastructure.Tests/WebShop.Catalog.Infrastructure.Tests.csproj" />
  <Project Path="Catalog/Infrastructure/Cosmos.Tests/WebShop.Catalog.Infrastructure.Cosmos.Tests.csproj" />
  <Project Path="Catalog/Api/WebShop.Catalog.Api.csproj" />
  <Project Path="Catalog/Api.Tests/WebShop.Catalog.Api.Tests.csproj" />
  <Project Path="Pricing/Domain/WebShop.Pricing.Domain.csproj" />
  <Project Path="Pricing/Domain.Tests/WebShop.Pricing.Domain.Tests.csproj" />
  <Project Path="Pricing/Application/WebShop.Pricing.Application.csproj" />
  <Project Path="Pricing/Application.Tests/WebShop.Pricing.Application.Tests.csproj" />
  <Project Path="Pricing/Infrastructure/SqlServer/WebShop.Pricing.Infrastructure.SqlServer.csproj" />
  <Project Path="Pricing/Infrastructure/Postgres/WebShop.Pricing.Infrastructure.Postgres.csproj" />
  <Project Path="Pricing/Infrastructure/Cosmos/WebShop.Pricing.Infrastructure.Cosmos.csproj" />
  <Project Path="Pricing/Infrastructure/Infrastructure.Tests/WebShop.Pricing.Infrastructure.Tests.csproj" />
  <Project Path="Pricing/Infrastructure/Cosmos.Tests/WebShop.Pricing.Infrastructure.Cosmos.Tests.csproj" />
  <Project Path="Pricing/Api/WebShop.Pricing.Api.csproj" />
  <Project Path="Pricing/Api.Tests/WebShop.Pricing.Api.Tests.csproj" />
  <Project Path="Reviews/Domain/WebShop.Reviews.Domain.csproj" />
  <Project Path="Reviews/Domain.Tests/WebShop.Reviews.Domain.Tests.csproj" />
  <Project Path="Reviews/Application/WebShop.Reviews.Application.csproj" />
  <Project Path="Reviews/Application.Tests/WebShop.Reviews.Application.Tests.csproj" />
  <Project Path="Reviews/Infrastructure/SqlServer/WebShop.Reviews.Infrastructure.SqlServer.csproj" />
  <Project Path="Reviews/Infrastructure/Postgres/WebShop.Reviews.Infrastructure.Postgres.csproj" />
  <Project Path="Reviews/Infrastructure/Cosmos/WebShop.Reviews.Infrastructure.Cosmos.csproj" />
  <Project Path="Reviews/Infrastructure/Infrastructure.Tests/WebShop.Reviews.Infrastructure.Tests.csproj" />
  <Project Path="Reviews/Infrastructure/Cosmos.Tests/WebShop.Reviews.Infrastructure.Cosmos.Tests.csproj" />
  <Project Path="Reviews/Api/WebShop.Reviews.Api.csproj" />
  <Project Path="Reviews/Api.Tests/WebShop.Reviews.Api.Tests.csproj" />
  <Project Path="Search/Domain/WebShop.Search.Domain.csproj" />
  <Project Path="Search/Domain.Tests/WebShop.Search.Domain.Tests.csproj" />
  <Project Path="Search/Application/WebShop.Search.Application.csproj" />
  <Project Path="Search/Application.Tests/WebShop.Search.Application.Tests.csproj" />
  <Project Path="Search/Infrastructure/SqlServer/WebShop.Search.Infrastructure.SqlServer.csproj" />
  <Project Path="Search/Infrastructure/Postgres/WebShop.Search.Infrastructure.Postgres.csproj" />
  <Project Path="Search/Infrastructure/Cosmos/WebShop.Search.Infrastructure.Cosmos.csproj" />
  <Project Path="Search/Infrastructure/Infrastructure.Tests/WebShop.Search.Infrastructure.Tests.csproj" />
  <Project Path="Search/Infrastructure/Cosmos.Tests/WebShop.Search.Infrastructure.Cosmos.Tests.csproj" />
  <Project Path="Search/Api/WebShop.Search.Api.csproj" />
  <Project Path="Search/Api.Tests/WebShop.Search.Api.Tests.csproj" />
  <Project Path="Integration/CatalogSearch/WebShop.Integration.CatalogSearch.csproj" />
  <Project Path="Integration/CosmosChangeFeed/WebShop.Integration.CosmosChangeFeed.csproj" />
  <Project Path="BuildingBlocks/WebShop.BuildingBlocks.csproj" />
  <Folder Name="/Search/" />
  <Folder Name="/Search/Domain/" />
  <Folder Name="/Search/Infrastructure/" />
  <Folder Name="/Search/Infrastructure/Embedding/">
    <Project Path="Search/Infrastructure/Embedding/WebShop.Search.Infrastructure.Embedding.csproj" />
  </Folder>
  <Project Path="BuildingBlocks/Api/WebShop.BuildingBlocks.Api.csproj" />
  <Project Path="BuildingBlocks/Cosmos/WebShop.BuildingBlocks.Cosmos.csproj" />
  <Project Path="BuildingBlocks/Cosmos.Tests/WebShop.BuildingBlocks.Cosmos.Tests.csproj" />
  <Project Path="SharedKernel/WebShop.SharedKernel.csproj" />
  <Project Path="SharedKernel.Tests/WebShop.SharedKernel.Tests.csproj" />
  <Project Path="Web/WebShop.Web.csproj" />
  <Project Path="Web.Tests/WebShop.Web.Tests.csproj" />
  <Project Path="Tools/CosmosMigration/WebShop.Tools.CosmosMigration.csproj" />
  <Project Path="Tools/OpsConsole/WebShop.Tools.OpsConsole.csproj" />
</Solution>
